
Microsoft Visual Studio Solution File, Format Version 12.00
# Visual Studio Version 17
VisualStudioVersion = 17.11.35327.3
MinimumVisualStudioVersion = 10.0.40219.1
Project("{9A19103F-16F7-4668-BE54-9A1E7A4F7556}") = "AcademiaNet.Backend", "AcademiaNet.Backend\AcademiaNet.Backend.csproj", "{B985F915-B1B0-4540-BDF2-C6C746D2609D}"
EndProject
Project("{9A19103F-16F7-4668-BE54-9A1E7A4F7556}") = "AcademiaNet.Frontend", "AcademiaNet.Frontend\AcademiaNet.Frontend.csproj", "{A809593F-A9D2-4CFD-9803-A4B9BE4CB114}"
EndProject
Project("{9A19103F-16F7-4668-BE54-9A1E7A4F7556}") = "AcademiaNet.Shared", "AcademiaNet.Shared\AcademiaNet.Shared.csproj", "{09AB885E-1010-4FDE-90DF-94569F712014}"
EndProject
Project("{9A19103F-16F7-4668-BE54-9A1E7A4F7556}") = "AcademiaNet.Tests", "AcademiaNet.Tests\AcademiaNet.Tests.csproj", "{C2342A18-66EF-4688-B47E-DA8F6131943F}"
EndProject
Global
	GlobalSection(SolutionConfigurationPlatforms) = preSolution
		Debug|Any CPU = Debug|Any CPU
		Release|Any CPU = Release|Any CPU
	EndGlobalSection
	GlobalSection(ProjectConfigurationPlatforms) = postSolution
		{B985F915-B1B0-4540-BDF2-C6C746D2609D}.Debug|Any CPU.ActiveCfg = Debug|Any CPU
		{B985F915-B1B0-4540-BDF2-C6C746D2609D}.Debug|Any CPU.Build.0 = Debug|Any CPU
		{B985F915-B1B0-4540-BDF2-C6C746D2609D}.Release|Any CPU.ActiveCfg = Release|Any CPU
		{B985F915-B1B0-4540-BDF2-C6C746D2609D}.Release|Any CPU.Build.0 = Release|Any CPU
		{A809593F-A9D2-4CFD-9803-A4B9BE4CB114}.Debug|Any CPU.ActiveCfg = Debug|Any CPU
		{A809593F-A9D2-4CFD-9803-A4B9BE4CB114}.Debug|Any CPU.Build.0 = Debug|Any CPU
		{A809593F-A9D2-4CFD-9803-A4B9BE4CB114}.Release|Any CPU.ActiveCfg = Release|Any CPU
		{A809593F-A9D2-4CFD-9803-A4B9BE4CB114}.Release|Any CPU.Build.0 = Release|Any CPU
		{09AB885E-1010-4FDE-90DF-94569F712014}.Debug|Any CPU.ActiveCfg = Debug|Any CPU
		{09AB885E-1010-4FDE-90DF-94569F712014}.Debug|Any CPU.Build.0 = Debug|Any CPU
		{09AB885E-1010-4FDE-90DF-94569F712014}.Release|Any CPU.ActiveCfg = Release|Any CPU
		{09AB885E-1010-4FDE-90DF-94569F712014}.Release|Any CPU.Build.0 = Release|Any CPU
		{C2342A18-66EF-4688-B47E-DA8F6131943F}.Debug|Any CPU.ActiveCfg = Debug|Any CPU
		{C2342A18-66EF-4688-B47E-DA8F6131943F}.Debug|Any CPU.Build.0 = Debug|Any CPU
		{C2342A18-66EF-4688-B47E-DA8F6131943F}.Release|Any CPU.ActiveCfg = Release|Any CPU
		{C2342A18-66EF-4688-B47E-DA8F6131943F}.Release|Any CPU.Build.0 = Release|Any CPU
	EndGlobalSection
	GlobalSection(SolutionProperties) = preSolution
		HideSolutionNode = FALSE
	EndGlobalSection
	GlobalSection(ExtensibilityGlobals) = postSolution
		SolutionGuid = {6903446D-8231-4FAF-821B-EC003A740942}
	EndGlobalSection
EndGlobal
